
Microsoft Visual Studio Solution File, Format Version 12.00
# Visual Studio 14
VisualStudioVersion = 14.0.25420.1
MinimumVisualStudioVersion = 10.0.40219.1
Project("{FAE04EC0-301F-11D3-BF4B-00C04F79EFBC}") = "Voronoi.Generator", "Voronoi.Generator\Voronoi.Generator.csproj", "{F8AB8EEE-CFFF-405E-8724-C5F8A1635914}"
EndProject
Project("{FAE04EC0-301F-11D3-BF4B-00C04F79EFBC}") = "TerraSketch.DataObjects", "TerraSketch.DataObjects\TerraSketch.DataObjects.csproj", "{AAAB98A9-623E-4EA7-92DF-9CE7CF653D90}"
EndProject
Project("{FAE04EC0-301F-11D3-BF4B-00C04F79EFBC}") = "Common.DataObjects", "Common.DataObjects\Common.DataObjects.csproj", "{24032FFC-BF54-418B-99EB-D2CE11C0BE09}"
EndProject
Project("{FAE04EC0-301F-11D3-BF4B-00C04F79EFBC}") = "Common.MathUtils", "Common.MathUtils\Common.MathUtils.csproj", "{084A412D-E723-4199-9C42-2A9CF88725CC}"
EndProject
Project("{FAE04EC0-301F-11D3-BF4B-00C04F79EFBC}") = "TerraSketch.View", "TerraSketch.View\TerraSketch.View.csproj", "{6C619435-8FCA-47E9-836A-740BBE434080}"
EndProject
Project("{FAE04EC0-301F-11D3-BF4B-00C04F79EFBC}") = "TerraSketch.Presenters", "TerraSketch.Presenters\TerraSketch.Presenters.csproj", "{E7EB917F-FD90-483A-AFEA-925D9A44C4F3}"
EndProject
Project("{FAE04EC0-301F-11D3-BF4B-00C04F79EFBC}") = "TerraSketch.Generators", "TerraSketch.Generators\TerraSketch.Generators.csproj", "{84E448EA-C654-4CFB-85A5-F358D0B26F7F}"
EndProject
Project("{FAE04EC0-301F-11D3-BF4B-00C04F79EFBC}") = "TerraSketch.VisualPresenters", "TerraSketch.Presenter3D\TerraSketch.VisualPresenters.csproj", "{C77A8187-8D68-415F-9477-9F113C495284}"
EndProject
Project("{FAE04EC0-301F-11D3-BF4B-00C04F79EFBC}") = "TerraSketch.Heightmap.Tools", "TerraSketch.HeightmapTools\TerraSketch.Heightmap.Tools.csproj", "{4D8B1083-11B8-49FE-979B-86C39C040FBB}"
EndProject
Project("{FAE04EC0-301F-11D3-BF4B-00C04F79EFBC}") = "TerraSketch.DataObjects.SaveLoad", "TerraSketch.DataObjects.SaveLoad\TerraSketch.DataObjects.SaveLoad.csproj", "{8BE948D3-AF55-4551-B7BE-AEC3C8B6AF72}"
EndProject
Project("{2150E333-8FDC-42A3-9474-1A3956D46DE8}") = "ExternalLibs", "ExternalLibs", "{5E977BAB-FFC9-494C-B836-B9AAC449AE05}"
	ProjectSection(SolutionItems) = preProject
		ExternalLibs\AGG.dll = ExternalLibs\AGG.dll
		ExternalLibs\Antl3_License.txt = ExternalLibs\Antl3_License.txt
		ExternalLibs\Antlr3.Runtime.dll = ExternalLibs\Antlr3.Runtime.dll
		ExternalLibs\MatterHackers.VectorMath.dll = ExternalLibs\MatterHackers.VectorMath.dll
		ExternalLibs\NCalc.dll = ExternalLibs\NCalc.dll
		ExternalLibs\NCalc_License.txt = ExternalLibs\NCalc_License.txt
		ExternalLibs\OpenTK.dll = ExternalLibs\OpenTK.dll
		ExternalLibs\OpenTK.dll.config = ExternalLibs\OpenTK.dll.config
		ExternalLibs\OpenTK.GLControl.dll = ExternalLibs\OpenTK.GLControl.dll
		ExternalLibs\OpenTK.GLControl.xml = ExternalLibs\OpenTK.GLControl.xml
		ExternalLibs\OpenTK.pdb = ExternalLibs\OpenTK.pdb
		ExternalLibs\OpenTK.xml = ExternalLibs\OpenTK.xml
		ExternalLibs\Troschuetz.Random.dll = ExternalLibs\Troschuetz.Random.dll
	EndProjectSection
EndProject
Project("{FAE04EC0-301F-11D3-BF4B-00C04F79EFBC}") = "TerraSketch.Layer", "TerraSketch.Layer\TerraSketch.Layer.csproj", "{A84C0F2F-3C26-4C4C-AC25-45FFA55B9A89}"
EndProject
Project("{FAE04EC0-301F-11D3-BF4B-00C04F79EFBC}") = "TerraSketch.Heightmap.Composer", "TerraSketch.Heightmap.Composer\TerraSketch.Heightmap.Composer.csproj", "{22252CBB-FCB2-4C9F-AA3D-AA1C463604D4}"
EndProject
Project("{FAE04EC0-301F-11D3-BF4B-00C04F79EFBC}") = "TerraSketch.DataObjects.Export", "TerraSketch.DataObjects.Export\TerraSketch.DataObjects.Export.csproj", "{689BF891-E2FB-423E-9EF2-AB01256674A1}"
EndProject
Project("{FAE04EC0-301F-11D3-BF4B-00C04F79EFBC}") = "TerraSketch.BitmapRendering", "TerraSketch.BitmapRenderer\TerraSketch.BitmapRendering.csproj", "{9571A73E-A9D2-4783-9D4E-07AE81F3557A}"
EndProject
Project("{FAE04EC0-301F-11D3-BF4B-00C04F79EFBC}") = "TerraSketch.SideDoorModule", "TerraSketch.SideDoorModule\TerraSketch.SideDoorModule.csproj", "{52DB58FF-D16A-4BFE-A901-7E94E7E50578}"
EndProject
Project("{FAE04EC0-301F-11D3-BF4B-00C04F79EFBC}") = "TerraSketch.Logging", "TerraSketch.Logging\TerraSketch.Logging.csproj", "{D2AFA647-F009-4B60-B41A-FE5FBB24EDED}"
EndProject
Project("{2150E333-8FDC-42A3-9474-1A3956D46DE8}") = "TestProjects", "TestProjects", "{A2292367-E5CB-4088-8387-C6884578F340}"
EndProject
Project("{FAE04EC0-301F-11D3-BF4B-00C04F79EFBC}") = "TerraSketch.Tests", "TerraSketch.Tests\TerraSketch.Tests.csproj", "{5157E692-8912-4FE1-A9AF-22D5CB1474EF}"
EndProject
Project("{FAE04EC0-301F-11D3-BF4B-00C04F79EFBC}") = "Voronoi.Tests", "Voronoi.Tests\Voronoi.Tests.csproj", "{1C847B67-B4C3-4748-95DC-715DA2F35BC3}"
EndProject
Project("{FAE04EC0-301F-11D3-BF4B-00C04F79EFBC}") = "TerraSketch.Generators.Abstract", "TerraSketch.Generators.Abstract\TerraSketch.Generators.Abstract.csproj", "{8BAA1F51-6993-4A65-B435-27DEAD43512D}"
EndProject
Project("{2150E333-8FDC-42A3-9474-1A3956D46DE8}") = "LayerComposing", "LayerComposing", "{0445D1FE-8765-49D5-9F21-818187793493}"
EndProject
Project("{FAE04EC0-301F-11D3-BF4B-00C04F79EFBC}") = "TerraSketch.DataObjects.Abstract", "TerraSketch.DataObjects.Abstract\TerraSketch.DataObjects.Abstract.csproj", "{E809E83A-36A8-41B6-9D03-0C1A8F30BA2B}"
EndProject
Project("{FAE04EC0-301F-11D3-BF4B-00C04F79EFBC}") = "TerraSketch.FluentBuilders", "TerraSketch.FluentBuilders\TerraSketch.FluentBuilders.csproj", "{2A1CA38B-5C9F-498D-A75A-F0D2FCC3FFEE}"
EndProject
Project("{FAE04EC0-301F-11D3-BF4B-00C04F79EFBC}") = "TerraSketch.Resources", "TerraSketch.Resources\TerraSketch.Resources.csproj", "{520E3F83-EBED-4C6A-A43F-749B5FC70096}"
EndProject
Global
	GlobalSection(SolutionConfigurationPlatforms) = preSolution
		Debug|Any CPU = Debug|Any CPU
		Debug|x64 = Debug|x64
		Debug|x86 = Debug|x86
		Debug-Client|Any CPU = Debug-Client|Any CPU
		Debug-Client|x64 = Debug-Client|x64
		Debug-Client|x86 = Debug-Client|x86
		Debug-Server|Any CPU = Debug-Server|Any CPU
		Debug-Server|x64 = Debug-Server|x64
		Debug-Server|x86 = Debug-Server|x86
		Release|Any CPU = Release|Any CPU
		Release|x64 = Release|x64
		Release|x86 = Release|x86
	EndGlobalSection
	GlobalSection(ProjectConfigurationPlatforms) = postSolution
		{F8AB8EEE-CFFF-405E-8724-C5F8A1635914}.Debug|Any CPU.ActiveCfg = Debug|Any CPU
		{F8AB8EEE-CFFF-405E-8724-C5F8A1635914}.Debug|Any CPU.Build.0 = Debug|Any CPU
		{F8AB8EEE-CFFF-405E-8724-C5F8A1635914}.Debug|x64.ActiveCfg = Debug|x64
		{F8AB8EEE-CFFF-405E-8724-C5F8A1635914}.Debug|x64.Build.0 = Debug|x64
		{F8AB8EEE-CFFF-405E-8724-C5F8A1635914}.Debug|x86.ActiveCfg = Debug|Any CPU
		{F8AB8EEE-CFFF-405E-8724-C5F8A1635914}.Debug|x86.Build.0 = Debug|Any CPU
		{F8AB8EEE-CFFF-405E-8724-C5F8A1635914}.Debug-Client|Any CPU.ActiveCfg = Debug|Any CPU
		{F8AB8EEE-CFFF-405E-8724-C5F8A1635914}.Debug-Client|Any CPU.Build.0 = Debug|Any CPU
		{F8AB8EEE-CFFF-405E-8724-C5F8A1635914}.Debug-Client|x64.ActiveCfg = Debug|Any CPU
		{F8AB8EEE-CFFF-405E-8724-C5F8A1635914}.Debug-Client|x64.Build.0 = Debug|Any CPU
		{F8AB8EEE-CFFF-405E-8724-C5F8A1635914}.Debug-Client|x86.ActiveCfg = Debug|Any CPU
		{F8AB8EEE-CFFF-405E-8724-C5F8A1635914}.Debug-Client|x86.Build.0 = Debug|Any CPU
		{F8AB8EEE-CFFF-405E-8724-C5F8A1635914}.Debug-Server|Any CPU.ActiveCfg = Debug|Any CPU
		{F8AB8EEE-CFFF-405E-8724-C5F8A1635914}.Debug-Server|Any CPU.Build.0 = Debug|Any CPU
		{F8AB8EEE-CFFF-405E-8724-C5F8A1635914}.Debug-Server|x64.ActiveCfg = Debug|Any CPU
		{F8AB8EEE-CFFF-405E-8724-C5F8A1635914}.Debug-Server|x64.Build.0 = Debug|Any CPU
		{F8AB8EEE-CFFF-405E-8724-C5F8A1635914}.Debug-Server|x86.ActiveCfg = Debug|Any CPU
		{F8AB8EEE-CFFF-405E-8724-C5F8A1635914}.Debug-Server|x86.Build.0 = Debug|Any CPU
		{F8AB8EEE-CFFF-405E-8724-C5F8A1635914}.Release|Any CPU.ActiveCfg = Release|Any CPU
		{F8AB8EEE-CFFF-405E-8724-C5F8A1635914}.Release|Any CPU.Build.0 = Release|Any CPU
		{F8AB8EEE-CFFF-405E-8724-C5F8A1635914}.Release|x64.ActiveCfg = Release|x64
		{F8AB8EEE-CFFF-405E-8724-C5F8A1635914}.Release|x64.Build.0 = Release|x64
		{F8AB8EEE-CFFF-405E-8724-C5F8A1635914}.Release|x86.ActiveCfg = Release|Any CPU
		{F8AB8EEE-CFFF-405E-8724-C5F8A1635914}.Release|x86.Build.0 = Release|Any CPU
		{AAAB98A9-623E-4EA7-92DF-9CE7CF653D90}.Debug|Any CPU.ActiveCfg = Debug|Any CPU
		{AAAB98A9-623E-4EA7-92DF-9CE7CF653D90}.Debug|Any CPU.Build.0 = Debug|Any CPU
		{AAAB98A9-623E-4EA7-92DF-9CE7CF653D90}.Debug|x64.ActiveCfg = Debug|x64
		{AAAB98A9-623E-4EA7-92DF-9CE7CF653D90}.Debug|x64.Build.0 = Debug|x64
		{AAAB98A9-623E-4EA7-92DF-9CE7CF653D90}.Debug|x86.ActiveCfg = Debug|Any CPU
		{AAAB98A9-623E-4EA7-92DF-9CE7CF653D90}.Debug|x86.Build.0 = Debug|Any CPU
		{AAAB98A9-623E-4EA7-92DF-9CE7CF653D90}.Debug-Client|Any CPU.ActiveCfg = Debug|Any CPU
		{AAAB98A9-623E-4EA7-92DF-9CE7CF653D90}.Debug-Client|Any CPU.Build.0 = Debug|Any CPU
		{AAAB98A9-623E-4EA7-92DF-9CE7CF653D90}.Debug-Client|x64.ActiveCfg = Debug|Any CPU
		{AAAB98A9-623E-4EA7-92DF-9CE7CF653D90}.Debug-Client|x64.Build.0 = Debug|Any CPU
		{AAAB98A9-623E-4EA7-92DF-9CE7CF653D90}.Debug-Client|x86.ActiveCfg = Debug|Any CPU
		{AAAB98A9-623E-4EA7-92DF-9CE7CF653D90}.Debug-Client|x86.Build.0 = Debug|Any CPU
		{AAAB98A9-623E-4EA7-92DF-9CE7CF653D90}.Debug-Server|Any CPU.ActiveCfg = Debug|Any CPU
		{AAAB98A9-623E-4EA7-92DF-9CE7CF653D90}.Debug-Server|Any CPU.Build.0 = Debug|Any CPU
		{AAAB98A9-623E-4EA7-92DF-9CE7CF653D90}.Debug-Server|x64.ActiveCfg = Debug|Any CPU
		{AAAB98A9-623E-4EA7-92DF-9CE7CF653D90}.Debug-Server|x64.Build.0 = Debug|Any CPU
		{AAAB98A9-623E-4EA7-92DF-9CE7CF653D90}.Debug-Server|x86.ActiveCfg = Debug|Any CPU
		{AAAB98A9-623E-4EA7-92DF-9CE7CF653D90}.Debug-Server|x86.Build.0 = Debug|Any CPU
		{AAAB98A9-623E-4EA7-92DF-9CE7CF653D90}.Release|Any CPU.ActiveCfg = Release|Any CPU
		{AAAB98A9-623E-4EA7-92DF-9CE7CF653D90}.Release|Any CPU.Build.0 = Release|Any CPU
		{AAAB98A9-623E-4EA7-92DF-9CE7CF653D90}.Release|x64.ActiveCfg = Release|x64
		{AAAB98A9-623E-4EA7-92DF-9CE7CF653D90}.Release|x64.Build.0 = Release|x64
		{AAAB98A9-623E-4EA7-92DF-9CE7CF653D90}.Release|x86.ActiveCfg = Release|Any CPU
		{AAAB98A9-623E-4EA7-92DF-9CE7CF653D90}.Release|x86.Build.0 = Release|Any CPU
		{24032FFC-BF54-418B-99EB-D2CE11C0BE09}.Debug|Any CPU.ActiveCfg = Debug|Any CPU
		{24032FFC-BF54-418B-99EB-D2CE11C0BE09}.Debug|Any CPU.Build.0 = Debug|Any CPU
		{24032FFC-BF54-418B-99EB-D2CE11C0BE09}.Debug|x64.ActiveCfg = Debug|x64
		{24032FFC-BF54-418B-99EB-D2CE11C0BE09}.Debug|x64.Build.0 = Debug|x64
		{24032FFC-BF54-418B-99EB-D2CE11C0BE09}.Debug|x86.ActiveCfg = Debug|Any CPU
		{24032FFC-BF54-418B-99EB-D2CE11C0BE09}.Debug|x86.Build.0 = Debug|Any CPU
		{24032FFC-BF54-418B-99EB-D2CE11C0BE09}.Debug-Client|Any CPU.ActiveCfg = Debug|Any CPU
		{24032FFC-BF54-418B-99EB-D2CE11C0BE09}.Debug-Client|Any CPU.Build.0 = Debug|Any CPU
		{24032FFC-BF54-418B-99EB-D2CE11C0BE09}.Debug-Client|x64.ActiveCfg = Debug|Any CPU
		{24032FFC-BF54-418B-99EB-D2CE11C0BE09}.Debug-Client|x64.Build.0 = Debug|Any CPU
		{24032FFC-BF54-418B-99EB-D2CE11C0BE09}.Debug-Client|x86.ActiveCfg = Debug|Any CPU
		{24032FFC-BF54-418B-99EB-D2CE11C0BE09}.Debug-Client|x86.Build.0 = Debug|Any CPU
		{24032FFC-BF54-418B-99EB-D2CE11C0BE09}.Debug-Server|Any CPU.ActiveCfg = Debug|Any CPU
		{24032FFC-BF54-418B-99EB-D2CE11C0BE09}.Debug-Server|Any CPU.Build.0 = Debug|Any CPU
		{24032FFC-BF54-418B-99EB-D2CE11C0BE09}.Debug-Server|x64.ActiveCfg = Debug|Any CPU
		{24032FFC-BF54-418B-99EB-D2CE11C0BE09}.Debug-Server|x64.Build.0 = Debug|Any CPU
		{24032FFC-BF54-418B-99EB-D2CE11C0BE09}.Debug-Server|x86.ActiveCfg = Debug|Any CPU
		{24032FFC-BF54-418B-99EB-D2CE11C0BE09}.Debug-Server|x86.Build.0 = Debug|Any CPU
		{24032FFC-BF54-418B-99EB-D2CE11C0BE09}.Release|Any CPU.ActiveCfg = Release|Any CPU
		{24032FFC-BF54-418B-99EB-D2CE11C0BE09}.Release|Any CPU.Build.0 = Release|Any CPU
		{24032FFC-BF54-418B-99EB-D2CE11C0BE09}.Release|x64.ActiveCfg = Release|x64
		{24032FFC-BF54-418B-99EB-D2CE11C0BE09}.Release|x64.Build.0 = Release|x64
		{24032FFC-BF54-418B-99EB-D2CE11C0BE09}.Release|x86.ActiveCfg = Release|Any CPU
		{24032FFC-BF54-418B-99EB-D2CE11C0BE09}.Release|x86.Build.0 = Release|Any CPU
		{084A412D-E723-4199-9C42-2A9CF88725CC}.Debug|Any CPU.ActiveCfg = Debug|Any CPU
		{084A412D-E723-4199-9C42-2A9CF88725CC}.Debug|Any CPU.Build.0 = Debug|Any CPU
		{084A412D-E723-4199-9C42-2A9CF88725CC}.Debug|x64.ActiveCfg = Debug|x64
		{084A412D-E723-4199-9C42-2A9CF88725CC}.Debug|x64.Build.0 = Debug|x64
		{084A412D-E723-4199-9C42-2A9CF88725CC}.Debug|x86.ActiveCfg = Debug|Any CPU
		{084A412D-E723-4199-9C42-2A9CF88725CC}.Debug|x86.Build.0 = Debug|Any CPU
		{084A412D-E723-4199-9C42-2A9CF88725CC}.Debug-Client|Any CPU.ActiveCfg = Debug|Any CPU
		{084A412D-E723-4199-9C42-2A9CF88725CC}.Debug-Client|Any CPU.Build.0 = Debug|Any CPU
		{084A412D-E723-4199-9C42-2A9CF88725CC}.Debug-Client|x64.ActiveCfg = Debug|Any CPU
		{084A412D-E723-4199-9C42-2A9CF88725CC}.Debug-Client|x64.Build.0 = Debug|Any CPU
		{084A412D-E723-4199-9C42-2A9CF88725CC}.Debug-Client|x86.ActiveCfg = Debug|Any CPU
		{084A412D-E723-4199-9C42-2A9CF88725CC}.Debug-Client|x86.Build.0 = Debug|Any CPU
		{084A412D-E723-4199-9C42-2A9CF88725CC}.Debug-Server|Any CPU.ActiveCfg = Debug|Any CPU
		{084A412D-E723-4199-9C42-2A9CF88725CC}.Debug-Server|Any CPU.Build.0 = Debug|Any CPU
		{084A412D-E723-4199-9C42-2A9CF88725CC}.Debug-Server|x64.ActiveCfg = Debug|Any CPU
		{084A412D-E723-4199-9C42-2A9CF88725CC}.Debug-Server|x64.Build.0 = Debug|Any CPU
		{084A412D-E723-4199-9C42-2A9CF88725CC}.Debug-Server|x86.ActiveCfg = Debug|Any CPU
		{084A412D-E723-4199-9C42-2A9CF88725CC}.Debug-Server|x86.Build.0 = Debug|Any CPU
		{084A412D-E723-4199-9C42-2A9CF88725CC}.Release|Any CPU.ActiveCfg = Release|Any CPU
		{084A412D-E723-4199-9C42-2A9CF88725CC}.Release|Any CPU.Build.0 = Release|Any CPU
		{084A412D-E723-4199-9C42-2A9CF88725CC}.Release|x64.ActiveCfg = Release|x64
		{084A412D-E723-4199-9C42-2A9CF88725CC}.Release|x64.Build.0 = Release|x64
		{084A412D-E723-4199-9C42-2A9CF88725CC}.Release|x86.ActiveCfg = Release|Any CPU
		{084A412D-E723-4199-9C42-2A9CF88725CC}.Release|x86.Build.0 = Release|Any CPU
		{6C619435-8FCA-47E9-836A-740BBE434080}.Debug|Any CPU.ActiveCfg = Debug|Any CPU
		{6C619435-8FCA-47E9-836A-740BBE434080}.Debug|Any CPU.Build.0 = Debug|Any CPU
		{6C619435-8FCA-47E9-836A-740BBE434080}.Debug|x64.ActiveCfg = Debug|x64
		{6C619435-8FCA-47E9-836A-740BBE434080}.Debug|x64.Build.0 = Debug|x64
		{6C619435-8FCA-47E9-836A-740BBE434080}.Debug|x86.ActiveCfg = Debug|Any CPU
		{6C619435-8FCA-47E9-836A-740BBE434080}.Debug|x86.Build.0 = Debug|Any CPU
		{6C619435-8FCA-47E9-836A-740BBE434080}.Debug-Client|Any CPU.ActiveCfg = Debug|Any CPU
		{6C619435-8FCA-47E9-836A-740BBE434080}.Debug-Client|Any CPU.Build.0 = Debug|Any CPU
		{6C619435-8FCA-47E9-836A-740BBE434080}.Debug-Client|x64.ActiveCfg = Debug|Any CPU
		{6C619435-8FCA-47E9-836A-740BBE434080}.Debug-Client|x64.Build.0 = Debug|Any CPU
		{6C619435-8FCA-47E9-836A-740BBE434080}.Debug-Client|x86.ActiveCfg = Debug|Any CPU
		{6C619435-8FCA-47E9-836A-740BBE434080}.Debug-Client|x86.Build.0 = Debug|Any CPU
		{6C619435-8FCA-47E9-836A-740BBE434080}.Debug-Server|Any CPU.ActiveCfg = Debug|Any CPU
		{6C619435-8FCA-47E9-836A-740BBE434080}.Debug-Server|Any CPU.Build.0 = Debug|Any CPU
		{6C619435-8FCA-47E9-836A-740BBE434080}.Debug-Server|x64.ActiveCfg = Debug|Any CPU
		{6C619435-8FCA-47E9-836A-740BBE434080}.Debug-Server|x64.Build.0 = Debug|Any CPU
		{6C619435-8FCA-47E9-836A-740BBE434080}.Debug-Server|x86.ActiveCfg = Debug|Any CPU
		{6C619435-8FCA-47E9-836A-740BBE434080}.Debug-Server|x86.Build.0 = Debug|Any CPU
		{6C619435-8FCA-47E9-836A-740BBE434080}.Release|Any CPU.ActiveCfg = Release|Any CPU
		{6C619435-8FCA-47E9-836A-740BBE434080}.Release|Any CPU.Build.0 = Release|Any CPU
		{6C619435-8FCA-47E9-836A-740BBE434080}.Release|x64.ActiveCfg = Release|x64
		{6C619435-8FCA-47E9-836A-740BBE434080}.Release|x64.Build.0 = Release|x64
		{6C619435-8FCA-47E9-836A-740BBE434080}.Release|x86.ActiveCfg = Release|Any CPU
		{6C619435-8FCA-47E9-836A-740BBE434080}.Release|x86.Build.0 = Release|Any CPU
		{E7EB917F-FD90-483A-AFEA-925D9A44C4F3}.Debug|Any CPU.ActiveCfg = Debug|Any CPU
		{E7EB917F-FD90-483A-AFEA-925D9A44C4F3}.Debug|Any CPU.Build.0 = Debug|Any CPU
		{E7EB917F-FD90-483A-AFEA-925D9A44C4F3}.Debug|x64.ActiveCfg = Debug|x64
		{E7EB917F-FD90-483A-AFEA-925D9A44C4F3}.Debug|x64.Build.0 = Debug|x64
		{E7EB917F-FD90-483A-AFEA-925D9A44C4F3}.Debug|x86.ActiveCfg = Debug|Any CPU
		{E7EB917F-FD90-483A-AFEA-925D9A44C4F3}.Debug|x86.Build.0 = Debug|Any CPU
		{E7EB917F-FD90-483A-AFEA-925D9A44C4F3}.Debug-Client|Any CPU.ActiveCfg = Debug|Any CPU
		{E7EB917F-FD90-483A-AFEA-925D9A44C4F3}.Debug-Client|Any CPU.Build.0 = Debug|Any CPU
		{E7EB917F-FD90-483A-AFEA-925D9A44C4F3}.Debug-Client|x64.ActiveCfg = Debug|Any CPU
		{E7EB917F-FD90-483A-AFEA-925D9A44C4F3}.Debug-Client|x64.Build.0 = Debug|Any CPU
		{E7EB917F-FD90-483A-AFEA-925D9A44C4F3}.Debug-Client|x86.ActiveCfg = Debug|Any CPU
		{E7EB917F-FD90-483A-AFEA-925D9A44C4F3}.Debug-Client|x86.Build.0 = Debug|Any CPU
		{E7EB917F-FD90-483A-AFEA-925D9A44C4F3}.Debug-Server|Any CPU.ActiveCfg = Debug|Any CPU
		{E7EB917F-FD90-483A-AFEA-925D9A44C4F3}.Debug-Server|Any CPU.Build.0 = Debug|Any CPU
		{E7EB917F-FD90-483A-AFEA-925D9A44C4F3}.Debug-Server|x64.ActiveCfg = Debug|Any CPU
		{E7EB917F-FD90-483A-AFEA-925D9A44C4F3}.Debug-Server|x64.Build.0 = Debug|Any CPU
		{E7EB917F-FD90-483A-AFEA-925D9A44C4F3}.Debug-Server|x86.ActiveCfg = Debug|Any CPU
		{E7EB917F-FD90-483A-AFEA-925D9A44C4F3}.Debug-Server|x86.Build.0 = Debug|Any CPU
		{E7EB917F-FD90-483A-AFEA-925D9A44C4F3}.Release|Any CPU.ActiveCfg = Release|Any CPU
		{E7EB917F-FD90-483A-AFEA-925D9A44C4F3}.Release|Any CPU.Build.0 = Release|Any CPU
		{E7EB917F-FD90-483A-AFEA-925D9A44C4F3}.Release|x64.ActiveCfg = Release|x64
		{E7EB917F-FD90-483A-AFEA-925D9A44C4F3}.Release|x64.Build.0 = Release|x64
		{E7EB917F-FD90-483A-AFEA-925D9A44C4F3}.Release|x86.ActiveCfg = Release|Any CPU
		{E7EB917F-FD90-483A-AFEA-925D9A44C4F3}.Release|x86.Build.0 = Release|Any CPU
		{84E448EA-C654-4CFB-85A5-F358D0B26F7F}.Debug|Any CPU.ActiveCfg = Debug|Any CPU
		{84E448EA-C654-4CFB-85A5-F358D0B26F7F}.Debug|Any CPU.Build.0 = Debug|Any CPU
		{84E448EA-C654-4CFB-85A5-F358D0B26F7F}.Debug|x64.ActiveCfg = Debug|x64
		{84E448EA-C654-4CFB-85A5-F358D0B26F7F}.Debug|x64.Build.0 = Debug|x64
		{84E448EA-C654-4CFB-85A5-F358D0B26F7F}.Debug|x86.ActiveCfg = Debug|Any CPU
		{84E448EA-C654-4CFB-85A5-F358D0B26F7F}.Debug|x86.Build.0 = Debug|Any CPU
		{84E448EA-C654-4CFB-85A5-F358D0B26F7F}.Debug-Client|Any CPU.ActiveCfg = Debug|Any CPU
		{84E448EA-C654-4CFB-85A5-F358D0B26F7F}.Debug-Client|Any CPU.Build.0 = Debug|Any CPU
		{84E448EA-C654-4CFB-85A5-F358D0B26F7F}.Debug-Client|x64.ActiveCfg = Debug|Any CPU
		{84E448EA-C654-4CFB-85A5-F358D0B26F7F}.Debug-Client|x64.Build.0 = Debug|Any CPU
		{84E448EA-C654-4CFB-85A5-F358D0B26F7F}.Debug-Client|x86.ActiveCfg = Debug|Any CPU
		{84E448EA-C654-4CFB-85A5-F358D0B26F7F}.Debug-Client|x86.Build.0 = Debug|Any CPU
		{84E448EA-C654-4CFB-85A5-F358D0B26F7F}.Debug-Server|Any CPU.ActiveCfg = Debug|Any CPU
		{84E448EA-C654-4CFB-85A5-F358D0B26F7F}.Debug-Server|Any CPU.Build.0 = Debug|Any CPU
		{84E448EA-C654-4CFB-85A5-F358D0B26F7F}.Debug-Server|x64.ActiveCfg = Debug|Any CPU
		{84E448EA-C654-4CFB-85A5-F358D0B26F7F}.Debug-Server|x64.Build.0 = Debug|Any CPU
		{84E448EA-C654-4CFB-85A5-F358D0B26F7F}.Debug-Server|x86.ActiveCfg = Debug|Any CPU
		{84E448EA-C654-4CFB-85A5-F358D0B26F7F}.Debug-Server|x86.Build.0 = Debug|Any CPU
		{84E448EA-C654-4CFB-85A5-F358D0B26F7F}.Release|Any CPU.ActiveCfg = Release|Any CPU
		{84E448EA-C654-4CFB-85A5-F358D0B26F7F}.Release|Any CPU.Build.0 = Release|Any CPU
		{84E448EA-C654-4CFB-85A5-F358D0B26F7F}.Release|x64.ActiveCfg = Release|x64
		{84E448EA-C654-4CFB-85A5-F358D0B26F7F}.Release|x64.Build.0 = Release|x64
		{84E448EA-C654-4CFB-85A5-F358D0B26F7F}.Release|x86.ActiveCfg = Release|Any CPU
		{84E448EA-C654-4CFB-85A5-F358D0B26F7F}.Release|x86.Build.0 = Release|Any CPU
		{C77A8187-8D68-415F-9477-9F113C495284}.Debug|Any CPU.ActiveCfg = Debug|Any CPU
		{C77A8187-8D68-415F-9477-9F113C495284}.Debug|Any CPU.Build.0 = Debug|Any CPU
		{C77A8187-8D68-415F-9477-9F113C495284}.Debug|x64.ActiveCfg = Debug|x64
		{C77A8187-8D68-415F-9477-9F113C495284}.Debug|x64.Build.0 = Debug|x64
		{C77A8187-8D68-415F-9477-9F113C495284}.Debug|x86.ActiveCfg = Debug|Any CPU
		{C77A8187-8D68-415F-9477-9F113C495284}.Debug|x86.Build.0 = Debug|Any CPU
		{C77A8187-8D68-415F-9477-9F113C495284}.Debug-Client|Any CPU.ActiveCfg = Debug|Any CPU
		{C77A8187-8D68-415F-9477-9F113C495284}.Debug-Client|Any CPU.Build.0 = Debug|Any CPU
		{C77A8187-8D68-415F-9477-9F113C495284}.Debug-Client|x64.ActiveCfg = Debug|Any CPU
		{C77A8187-8D68-415F-9477-9F113C495284}.Debug-Client|x64.Build.0 = Debug|Any CPU
		{C77A8187-8D68-415F-9477-9F113C495284}.Debug-Client|x86.ActiveCfg = Debug|Any CPU
		{C77A8187-8D68-415F-9477-9F113C495284}.Debug-Client|x86.Build.0 = Debug|Any CPU
		{C77A8187-8D68-415F-9477-9F113C495284}.Debug-Server|Any CPU.ActiveCfg = Debug|Any CPU
		{C77A8187-8D68-415F-9477-9F113C495284}.Debug-Server|Any CPU.Build.0 = Debug|Any CPU
		{C77A8187-8D68-415F-9477-9F113C495284}.Debug-Server|x64.ActiveCfg = Debug|Any CPU
		{C77A8187-8D68-415F-9477-9F113C495284}.Debug-Server|x64.Build.0 = Debug|Any CPU
		{C77A8187-8D68-415F-9477-9F113C495284}.Debug-Server|x86.ActiveCfg = Debug|Any CPU
		{C77A8187-8D68-415F-9477-9F113C495284}.Debug-Server|x86.Build.0 = Debug|Any CPU
		{C77A8187-8D68-415F-9477-9F113C495284}.Release|Any CPU.ActiveCfg = Release|Any CPU
		{C77A8187-8D68-415F-9477-9F113C495284}.Release|Any CPU.Build.0 = Release|Any CPU
		{C77A8187-8D68-415F-9477-9F113C495284}.Release|x64.ActiveCfg = Release|x64
		{C77A8187-8D68-415F-9477-9F113C495284}.Release|x64.Build.0 = Release|x64
		{C77A8187-8D68-415F-9477-9F113C495284}.Release|x86.ActiveCfg = Release|Any CPU
		{C77A8187-8D68-415F-9477-9F113C495284}.Release|x86.Build.0 = Release|Any CPU
		{4D8B1083-11B8-49FE-979B-86C39C040FBB}.Debug|Any CPU.ActiveCfg = Debug|Any CPU
		{4D8B1083-11B8-49FE-979B-86C39C040FBB}.Debug|Any CPU.Build.0 = Debug|Any CPU
		{4D8B1083-11B8-49FE-979B-86C39C040FBB}.Debug|x64.ActiveCfg = Debug|x64
		{4D8B1083-11B8-49FE-979B-86C39C040FBB}.Debug|x64.Build.0 = Debug|x64
		{4D8B1083-11B8-49FE-979B-86C39C040FBB}.Debug|x86.ActiveCfg = Debug|Any CPU
		{4D8B1083-11B8-49FE-979B-86C39C040FBB}.Debug|x86.Build.0 = Debug|Any CPU
		{4D8B1083-11B8-49FE-979B-86C39C040FBB}.Debug-Client|Any CPU.ActiveCfg = Debug|Any CPU
		{4D8B1083-11B8-49FE-979B-86C39C040FBB}.Debug-Client|Any CPU.Build.0 = Debug|Any CPU
		{4D8B1083-11B8-49FE-979B-86C39C040FBB}.Debug-Client|x64.ActiveCfg = Debug|Any CPU
		{4D8B1083-11B8-49FE-979B-86C39C040FBB}.Debug-Client|x64.Build.0 = Debug|Any CPU
		{4D8B1083-11B8-49FE-979B-86C39C040FBB}.Debug-Client|x86.ActiveCfg = Debug|Any CPU
		{4D8B1083-11B8-49FE-979B-86C39C040FBB}.Debug-Client|x86.Build.0 = Debug|Any CPU
		{4D8B1083-11B8-49FE-979B-86C39C040FBB}.Debug-Server|Any CPU.ActiveCfg = Debug|Any CPU
		{4D8B1083-11B8-49FE-979B-86C39C040FBB}.Debug-Server|Any CPU.Build.0 = Debug|Any CPU
		{4D8B1083-11B8-49FE-979B-86C39C040FBB}.Debug-Server|x64.ActiveCfg = Debug|Any CPU
		{4D8B1083-11B8-49FE-979B-86C39C040FBB}.Debug-Server|x64.Build.0 = Debug|Any CPU
		{4D8B1083-11B8-49FE-979B-86C39C040FBB}.Debug-Server|x86.ActiveCfg = Debug|Any CPU
		{4D8B1083-11B8-49FE-979B-86C39C040FBB}.Debug-Server|x86.Build.0 = Debug|Any CPU
		{4D8B1083-11B8-49FE-979B-86C39C040FBB}.Release|Any CPU.ActiveCfg = Release|Any CPU
		{4D8B1083-11B8-49FE-979B-86C39C040FBB}.Release|Any CPU.Build.0 = Release|Any CPU
		{4D8B1083-11B8-49FE-979B-86C39C040FBB}.Release|x64.ActiveCfg = Release|x64
		{4D8B1083-11B8-49FE-979B-86C39C040FBB}.Release|x64.Build.0 = Release|x64
		{4D8B1083-11B8-49FE-979B-86C39C040FBB}.Release|x86.ActiveCfg = Release|Any CPU
		{4D8B1083-11B8-49FE-979B-86C39C040FBB}.Release|x86.Build.0 = Release|Any CPU
		{8BE948D3-AF55-4551-B7BE-AEC3C8B6AF72}.Debug|Any CPU.ActiveCfg = Debug|Any CPU
		{8BE948D3-AF55-4551-B7BE-AEC3C8B6AF72}.Debug|Any CPU.Build.0 = Debug|Any CPU
		{8BE948D3-AF55-4551-B7BE-AEC3C8B6AF72}.Debug|x64.ActiveCfg = Debug|x64
		{8BE948D3-AF55-4551-B7BE-AEC3C8B6AF72}.Debug|x64.Build.0 = Debug|x64
		{8BE948D3-AF55-4551-B7BE-AEC3C8B6AF72}.Debug|x86.ActiveCfg = Debug|Any CPU
		{8BE948D3-AF55-4551-B7BE-AEC3C8B6AF72}.Debug|x86.Build.0 = Debug|Any CPU
		{8BE948D3-AF55-4551-B7BE-AEC3C8B6AF72}.Debug-Client|Any CPU.ActiveCfg = Debug|Any CPU
		{8BE948D3-AF55-4551-B7BE-AEC3C8B6AF72}.Debug-Client|Any CPU.Build.0 = Debug|Any CPU
		{8BE948D3-AF55-4551-B7BE-AEC3C8B6AF72}.Debug-Client|x64.ActiveCfg = Debug|Any CPU
		{8BE948D3-AF55-4551-B7BE-AEC3C8B6AF72}.Debug-Client|x64.Build.0 = Debug|Any CPU
		{8BE948D3-AF55-4551-B7BE-AEC3C8B6AF72}.Debug-Client|x86.ActiveCfg = Debug|Any CPU
		{8BE948D3-AF55-4551-B7BE-AEC3C8B6AF72}.Debug-Client|x86.Build.0 = Debug|Any CPU
		{8BE948D3-AF55-4551-B7BE-AEC3C8B6AF72}.Debug-Server|Any CPU.ActiveCfg = Debug|Any CPU
		{8BE948D3-AF55-4551-B7BE-AEC3C8B6AF72}.Debug-Server|Any CPU.Build.0 = Debug|Any CPU
		{8BE948D3-AF55-4551-B7BE-AEC3C8B6AF72}.Debug-Server|x64.ActiveCfg = Debug|Any CPU
		{8BE948D3-AF55-4551-B7BE-AEC3C8B6AF72}.Debug-Server|x64.Build.0 = Debug|Any CPU
		{8BE948D3-AF55-4551-B7BE-AEC3C8B6AF72}.Debug-Server|x86.ActiveCfg = Debug|Any CPU
		{8BE948D3-AF55-4551-B7BE-AEC3C8B6AF72}.Debug-Server|x86.Build.0 = Debug|Any CPU
		{8BE948D3-AF55-4551-B7BE-AEC3C8B6AF72}.Release|Any CPU.ActiveCfg = Release|Any CPU
		{8BE948D3-AF55-4551-B7BE-AEC3C8B6AF72}.Release|Any CPU.Build.0 = Release|Any CPU
		{8BE948D3-AF55-4551-B7BE-AEC3C8B6AF72}.Release|x64.ActiveCfg = Release|x64
		{8BE948D3-AF55-4551-B7BE-AEC3C8B6AF72}.Release|x64.Build.0 = Release|x64
		{8BE948D3-AF55-4551-B7BE-AEC3C8B6AF72}.Release|x86.ActiveCfg = Release|Any CPU
		{8BE948D3-AF55-4551-B7BE-AEC3C8B6AF72}.Release|x86.Build.0 = Release|Any CPU
		{A84C0F2F-3C26-4C4C-AC25-45FFA55B9A89}.Debug|Any CPU.ActiveCfg = Debug|Any CPU
		{A84C0F2F-3C26-4C4C-AC25-45FFA55B9A89}.Debug|Any CPU.Build.0 = Debug|Any CPU
		{A84C0F2F-3C26-4C4C-AC25-45FFA55B9A89}.Debug|x64.ActiveCfg = Debug|x64
		{A84C0F2F-3C26-4C4C-AC25-45FFA55B9A89}.Debug|x64.Build.0 = Debug|x64
		{A84C0F2F-3C26-4C4C-AC25-45FFA55B9A89}.Debug|x86.ActiveCfg = Debug|Any CPU
		{A84C0F2F-3C26-4C4C-AC25-45FFA55B9A89}.Debug|x86.Build.0 = Debug|Any CPU
		{A84C0F2F-3C26-4C4C-AC25-45FFA55B9A89}.Debug-Client|Any CPU.ActiveCfg = Debug|Any CPU
		{A84C0F2F-3C26-4C4C-AC25-45FFA55B9A89}.Debug-Client|Any CPU.Build.0 = Debug|Any CPU
		{A84C0F2F-3C26-4C4C-AC25-45FFA55B9A89}.Debug-Client|x64.ActiveCfg = Debug|Any CPU
		{A84C0F2F-3C26-4C4C-AC25-45FFA55B9A89}.Debug-Client|x64.Build.0 = Debug|Any CPU
		{A84C0F2F-3C26-4C4C-AC25-45FFA55B9A89}.Debug-Client|x86.ActiveCfg = Debug|Any CPU
		{A84C0F2F-3C26-4C4C-AC25-45FFA55B9A89}.Debug-Client|x86.Build.0 = Debug|Any CPU
		{A84C0F2F-3C26-4C4C-AC25-45FFA55B9A89}.Debug-Server|Any CPU.ActiveCfg = Debug|Any CPU
		{A84C0F2F-3C26-4C4C-AC25-45FFA55B9A89}.Debug-Server|Any CPU.Build.0 = Debug|Any CPU
		{A84C0F2F-3C26-4C4C-AC25-45FFA55B9A89}.Debug-Server|x64.ActiveCfg = Debug|Any CPU
		{A84C0F2F-3C26-4C4C-AC25-45FFA55B9A89}.Debug-Server|x64.Build.0 = Debug|Any CPU
		{A84C0F2F-3C26-4C4C-AC25-45FFA55B9A89}.Debug-Server|x86.ActiveCfg = Debug|Any CPU
		{A84C0F2F-3C26-4C4C-AC25-45FFA55B9A89}.Debug-Server|x86.Build.0 = Debug|Any CPU
		{A84C0F2F-3C26-4C4C-AC25-45FFA55B9A89}.Release|Any CPU.ActiveCfg = Release|Any CPU
		{A84C0F2F-3C26-4C4C-AC25-45FFA55B9A89}.Release|Any CPU.Build.0 = Release|Any CPU
		{A84C0F2F-3C26-4C4C-AC25-45FFA55B9A89}.Release|x64.ActiveCfg = Release|x64
		{A84C0F2F-3C26-4C4C-AC25-45FFA55B9A89}.Release|x64.Build.0 = Release|x64
		{A84C0F2F-3C26-4C4C-AC25-45FFA55B9A89}.Release|x86.ActiveCfg = Release|Any CPU
		{A84C0F2F-3C26-4C4C-AC25-45FFA55B9A89}.Release|x86.Build.0 = Release|Any CPU
		{22252CBB-FCB2-4C9F-AA3D-AA1C463604D4}.Debug|Any CPU.ActiveCfg = Debug|Any CPU
		{22252CBB-FCB2-4C9F-AA3D-AA1C463604D4}.Debug|Any CPU.Build.0 = Debug|Any CPU
		{22252CBB-FCB2-4C9F-AA3D-AA1C463604D4}.Debug|x64.ActiveCfg = Debug|x64
		{22252CBB-FCB2-4C9F-AA3D-AA1C463604D4}.Debug|x64.Build.0 = Debug|x64
		{22252CBB-FCB2-4C9F-AA3D-AA1C463604D4}.Debug|x86.ActiveCfg = Debug|Any CPU
		{22252CBB-FCB2-4C9F-AA3D-AA1C463604D4}.Debug|x86.Build.0 = Debug|Any CPU
		{22252CBB-FCB2-4C9F-AA3D-AA1C463604D4}.Debug-Client|Any CPU.ActiveCfg = Debug|Any CPU
		{22252CBB-FCB2-4C9F-AA3D-AA1C463604D4}.Debug-Client|Any CPU.Build.0 = Debug|Any CPU
		{22252CBB-FCB2-4C9F-AA3D-AA1C463604D4}.Debug-Client|x64.ActiveCfg = Debug|Any CPU
		{22252CBB-FCB2-4C9F-AA3D-AA1C463604D4}.Debug-Client|x64.Build.0 = Debug|Any CPU
		{22252CBB-FCB2-4C9F-AA3D-AA1C463604D4}.Debug-Client|x86.ActiveCfg = Debug|Any CPU
		{22252CBB-FCB2-4C9F-AA3D-AA1C463604D4}.Debug-Client|x86.Build.0 = Debug|Any CPU
		{22252CBB-FCB2-4C9F-AA3D-AA1C463604D4}.Debug-Server|Any CPU.ActiveCfg = Debug|Any CPU
		{22252CBB-FCB2-4C9F-AA3D-AA1C463604D4}.Debug-Server|Any CPU.Build.0 = Debug|Any CPU
		{22252CBB-FCB2-4C9F-AA3D-AA1C463604D4}.Debug-Server|x64.ActiveCfg = Debug|Any CPU
		{22252CBB-FCB2-4C9F-AA3D-AA1C463604D4}.Debug-Server|x64.Build.0 = Debug|Any CPU
		{22252CBB-FCB2-4C9F-AA3D-AA1C463604D4}.Debug-Server|x86.ActiveCfg = Debug|Any CPU
		{22252CBB-FCB2-4C9F-AA3D-AA1C463604D4}.Debug-Server|x86.Build.0 = Debug|Any CPU
		{22252CBB-FCB2-4C9F-AA3D-AA1C463604D4}.Release|Any CPU.ActiveCfg = Release|Any CPU
		{22252CBB-FCB2-4C9F-AA3D-AA1C463604D4}.Release|Any CPU.Build.0 = Release|Any CPU
		{22252CBB-FCB2-4C9F-AA3D-AA1C463604D4}.Release|x64.ActiveCfg = Release|x64
		{22252CBB-FCB2-4C9F-AA3D-AA1C463604D4}.Release|x64.Build.0 = Release|x64
		{22252CBB-FCB2-4C9F-AA3D-AA1C463604D4}.Release|x86.ActiveCfg = Release|Any CPU
		{22252CBB-FCB2-4C9F-AA3D-AA1C463604D4}.Release|x86.Build.0 = Release|Any CPU
		{689BF891-E2FB-423E-9EF2-AB01256674A1}.Debug|Any CPU.ActiveCfg = Debug|Any CPU
		{689BF891-E2FB-423E-9EF2-AB01256674A1}.Debug|Any CPU.Build.0 = Debug|Any CPU
		{689BF891-E2FB-423E-9EF2-AB01256674A1}.Debug|x64.ActiveCfg = Debug|x64
		{689BF891-E2FB-423E-9EF2-AB01256674A1}.Debug|x64.Build.0 = Debug|x64
		{689BF891-E2FB-423E-9EF2-AB01256674A1}.Debug|x86.ActiveCfg = Debug|Any CPU
		{689BF891-E2FB-423E-9EF2-AB01256674A1}.Debug|x86.Build.0 = Debug|Any CPU
		{689BF891-E2FB-423E-9EF2-AB01256674A1}.Debug-Client|Any CPU.ActiveCfg = Debug|Any CPU
		{689BF891-E2FB-423E-9EF2-AB01256674A1}.Debug-Client|Any CPU.Build.0 = Debug|Any CPU
		{689BF891-E2FB-423E-9EF2-AB01256674A1}.Debug-Client|x64.ActiveCfg = Debug|Any CPU
		{689BF891-E2FB-423E-9EF2-AB01256674A1}.Debug-Client|x64.Build.0 = Debug|Any CPU
		{689BF891-E2FB-423E-9EF2-AB01256674A1}.Debug-Client|x86.ActiveCfg = Debug|Any CPU
		{689BF891-E2FB-423E-9EF2-AB01256674A1}.Debug-Client|x86.Build.0 = Debug|Any CPU
		{689BF891-E2FB-423E-9EF2-AB01256674A1}.Debug-Server|Any CPU.ActiveCfg = Debug|Any CPU
		{689BF891-E2FB-423E-9EF2-AB01256674A1}.Debug-Server|Any CPU.Build.0 = Debug|Any CPU
		{689BF891-E2FB-423E-9EF2-AB01256674A1}.Debug-Server|x64.ActiveCfg = Debug|Any CPU
		{689BF891-E2FB-423E-9EF2-AB01256674A1}.Debug-Server|x64.Build.0 = Debug|Any CPU
		{689BF891-E2FB-423E-9EF2-AB01256674A1}.Debug-Server|x86.ActiveCfg = Debug|Any CPU
		{689BF891-E2FB-423E-9EF2-AB01256674A1}.Debug-Server|x86.Build.0 = Debug|Any CPU
		{689BF891-E2FB-423E-9EF2-AB01256674A1}.Release|Any CPU.ActiveCfg = Release|Any CPU
		{689BF891-E2FB-423E-9EF2-AB01256674A1}.Release|Any CPU.Build.0 = Release|Any CPU
		{689BF891-E2FB-423E-9EF2-AB01256674A1}.Release|x64.ActiveCfg = Release|x64
		{689BF891-E2FB-423E-9EF2-AB01256674A1}.Release|x64.Build.0 = Release|x64
		{689BF891-E2FB-423E-9EF2-AB01256674A1}.Release|x86.ActiveCfg = Release|Any CPU
		{689BF891-E2FB-423E-9EF2-AB01256674A1}.Release|x86.Build.0 = Release|Any CPU
		{9571A73E-A9D2-4783-9D4E-07AE81F3557A}.Debug|Any CPU.ActiveCfg = Debug|Any CPU
		{9571A73E-A9D2-4783-9D4E-07AE81F3557A}.Debug|Any CPU.Build.0 = Debug|Any CPU
		{9571A73E-A9D2-4783-9D4E-07AE81F3557A}.Debug|x64.ActiveCfg = Debug|Any CPU
		{9571A73E-A9D2-4783-9D4E-07AE81F3557A}.Debug|x64.Build.0 = Debug|Any CPU
		{9571A73E-A9D2-4783-9D4E-07AE81F3557A}.Debug|x86.ActiveCfg = Debug|Any CPU
		{9571A73E-A9D2-4783-9D4E-07AE81F3557A}.Debug|x86.Build.0 = Debug|Any CPU
		{9571A73E-A9D2-4783-9D4E-07AE81F3557A}.Debug-Client|Any CPU.ActiveCfg = Debug|Any CPU
		{9571A73E-A9D2-4783-9D4E-07AE81F3557A}.Debug-Client|Any CPU.Build.0 = Debug|Any CPU
		{9571A73E-A9D2-4783-9D4E-07AE81F3557A}.Debug-Client|x64.ActiveCfg = Debug|Any CPU
		{9571A73E-A9D2-4783-9D4E-07AE81F3557A}.Debug-Client|x64.Build.0 = Debug|Any CPU
		{9571A73E-A9D2-4783-9D4E-07AE81F3557A}.Debug-Client|x86.ActiveCfg = Debug|Any CPU
		{9571A73E-A9D2-4783-9D4E-07AE81F3557A}.Debug-Client|x86.Build.0 = Debug|Any CPU
		{9571A73E-A9D2-4783-9D4E-07AE81F3557A}.Debug-Server|Any CPU.ActiveCfg = Debug|Any CPU
		{9571A73E-A9D2-4783-9D4E-07AE81F3557A}.Debug-Server|Any CPU.Build.0 = Debug|Any CPU
		{9571A73E-A9D2-4783-9D4E-07AE81F3557A}.Debug-Server|x64.ActiveCfg = Debug|Any CPU
		{9571A73E-A9D2-4783-9D4E-07AE81F3557A}.Debug-Server|x64.Build.0 = Debug|Any CPU
		{9571A73E-A9D2-4783-9D4E-07AE81F3557A}.Debug-Server|x86.ActiveCfg = Debug|Any CPU
		{9571A73E-A9D2-4783-9D4E-07AE81F3557A}.Debug-Server|x86.Build.0 = Debug|Any CPU
		{9571A73E-A9D2-4783-9D4E-07AE81F3557A}.Release|Any CPU.ActiveCfg = Release|Any CPU
		{9571A73E-A9D2-4783-9D4E-07AE81F3557A}.Release|Any CPU.Build.0 = Release|Any CPU
		{9571A73E-A9D2-4783-9D4E-07AE81F3557A}.Release|x64.ActiveCfg = Release|Any CPU
		{9571A73E-A9D2-4783-9D4E-07AE81F3557A}.Release|x64.Build.0 = Release|Any CPU
		{9571A73E-A9D2-4783-9D4E-07AE81F3557A}.Release|x86.ActiveCfg = Release|Any CPU
		{9571A73E-A9D2-4783-9D4E-07AE81F3557A}.Release|x86.Build.0 = Release|Any CPU
		{52DB58FF-D16A-4BFE-A901-7E94E7E50578}.Debug|Any CPU.ActiveCfg = Debug|Any CPU
		{52DB58FF-D16A-4BFE-A901-7E94E7E50578}.Debug|Any CPU.Build.0 = Debug|Any CPU
		{52DB58FF-D16A-4BFE-A901-7E94E7E50578}.Debug|x64.ActiveCfg = Debug|Any CPU
		{52DB58FF-D16A-4BFE-A901-7E94E7E50578}.Debug|x64.Build.0 = Debug|Any CPU
		{52DB58FF-D16A-4BFE-A901-7E94E7E50578}.Debug|x86.ActiveCfg = Debug|Any CPU
		{52DB58FF-D16A-4BFE-A901-7E94E7E50578}.Debug|x86.Build.0 = Debug|Any CPU
		{52DB58FF-D16A-4BFE-A901-7E94E7E50578}.Debug-Client|Any CPU.ActiveCfg = Debug|Any CPU
		{52DB58FF-D16A-4BFE-A901-7E94E7E50578}.Debug-Client|Any CPU.Build.0 = Debug|Any CPU
		{52DB58FF-D16A-4BFE-A901-7E94E7E50578}.Debug-Client|x64.ActiveCfg = Debug|Any CPU
		{52DB58FF-D16A-4BFE-A901-7E94E7E50578}.Debug-Client|x64.Build.0 = Debug|Any CPU
		{52DB58FF-D16A-4BFE-A901-7E94E7E50578}.Debug-Client|x86.ActiveCfg = Debug|Any CPU
		{52DB58FF-D16A-4BFE-A901-7E94E7E50578}.Debug-Client|x86.Build.0 = Debug|Any CPU
		{52DB58FF-D16A-4BFE-A901-7E94E7E50578}.Debug-Server|Any CPU.ActiveCfg = Debug|Any CPU
		{52DB58FF-D16A-4BFE-A901-7E94E7E50578}.Debug-Server|Any CPU.Build.0 = Debug|Any CPU
		{52DB58FF-D16A-4BFE-A901-7E94E7E50578}.Debug-Server|x64.ActiveCfg = Debug|Any CPU
		{52DB58FF-D16A-4BFE-A901-7E94E7E50578}.Debug-Server|x64.Build.0 = Debug|Any CPU
		{52DB58FF-D16A-4BFE-A901-7E94E7E50578}.Debug-Server|x86.ActiveCfg = Debug|Any CPU
		{52DB58FF-D16A-4BFE-A901-7E94E7E50578}.Debug-Server|x86.Build.0 = Debug|Any CPU
		{52DB58FF-D16A-4BFE-A901-7E94E7E50578}.Release|Any CPU.ActiveCfg = Release|Any CPU
		{52DB58FF-D16A-4BFE-A901-7E94E7E50578}.Release|Any CPU.Build.0 = Release|Any CPU
		{52DB58FF-D16A-4BFE-A901-7E94E7E50578}.Release|x64.ActiveCfg = Release|Any CPU
		{52DB58FF-D16A-4BFE-A901-7E94E7E50578}.Release|x64.Build.0 = Release|Any CPU
		{52DB58FF-D16A-4BFE-A901-7E94E7E50578}.Release|x86.ActiveCfg = Release|Any CPU
		{52DB58FF-D16A-4BFE-A901-7E94E7E50578}.Release|x86.Build.0 = Release|Any CPU
		{D2AFA647-F009-4B60-B41A-FE5FBB24EDED}.Debug|Any CPU.ActiveCfg = Debug|Any CPU
		{D2AFA647-F009-4B60-B41A-FE5FBB24EDED}.Debug|Any CPU.Build.0 = Debug|Any CPU
		{D2AFA647-F009-4B60-B41A-FE5FBB24EDED}.Debug|x64.ActiveCfg = Debug|Any CPU
		{D2AFA647-F009-4B60-B41A-FE5FBB24EDED}.Debug|x64.Build.0 = Debug|Any CPU
		{D2AFA647-F009-4B60-B41A-FE5FBB24EDED}.Debug|x86.ActiveCfg = Debug|Any CPU
		{D2AFA647-F009-4B60-B41A-FE5FBB24EDED}.Debug|x86.Build.0 = Debug|Any CPU
		{D2AFA647-F009-4B60-B41A-FE5FBB24EDED}.Debug-Client|Any CPU.ActiveCfg = Debug|Any CPU
		{D2AFA647-F009-4B60-B41A-FE5FBB24EDED}.Debug-Client|Any CPU.Build.0 = Debug|Any CPU
		{D2AFA647-F009-4B60-B41A-FE5FBB24EDED}.Debug-Client|x64.ActiveCfg = Debug|Any CPU
		{D2AFA647-F009-4B60-B41A-FE5FBB24EDED}.Debug-Client|x64.Build.0 = Debug|Any CPU
		{D2AFA647-F009-4B60-B41A-FE5FBB24EDED}.Debug-Client|x86.ActiveCfg = Debug|Any CPU
		{D2AFA647-F009-4B60-B41A-FE5FBB24EDED}.Debug-Client|x86.Build.0 = Debug|Any CPU
		{D2AFA647-F009-4B60-B41A-FE5FBB24EDED}.Debug-Server|Any CPU.ActiveCfg = Debug|Any CPU
		{D2AFA647-F009-4B60-B41A-FE5FBB24EDED}.Debug-Server|Any CPU.Build.0 = Debug|Any CPU
		{D2AFA647-F009-4B60-B41A-FE5FBB24EDED}.Debug-Server|x64.ActiveCfg = Debug|Any CPU
		{D2AFA647-F009-4B60-B41A-FE5FBB24EDED}.Debug-Server|x64.Build.0 = Debug|Any CPU
		{D2AFA647-F009-4B60-B41A-FE5FBB24EDED}.Debug-Server|x86.ActiveCfg = Debug|Any CPU
		{D2AFA647-F009-4B60-B41A-FE5FBB24EDED}.Debug-Server|x86.Build.0 = Debug|Any CPU
		{D2AFA647-F009-4B60-B41A-FE5FBB24EDED}.Release|Any CPU.ActiveCfg = Release|Any CPU
		{D2AFA647-F009-4B60-B41A-FE5FBB24EDED}.Release|Any CPU.Build.0 = Release|Any CPU
		{D2AFA647-F009-4B60-B41A-FE5FBB24EDED}.Release|x64.ActiveCfg = Release|Any CPU
		{D2AFA647-F009-4B60-B41A-FE5FBB24EDED}.Release|x64.Build.0 = Release|Any CPU
		{D2AFA647-F009-4B60-B41A-FE5FBB24EDED}.Release|x86.ActiveCfg = Release|Any CPU
		{D2AFA647-F009-4B60-B41A-FE5FBB24EDED}.Release|x86.Build.0 = Release|Any CPU
		{5157E692-8912-4FE1-A9AF-22D5CB1474EF}.Debug|Any CPU.ActiveCfg = Debug|Any CPU
		{5157E692-8912-4FE1-A9AF-22D5CB1474EF}.Debug|Any CPU.Build.0 = Debug|Any CPU
		{5157E692-8912-4FE1-A9AF-22D5CB1474EF}.Debug|x64.ActiveCfg = Debug|Any CPU
		{5157E692-8912-4FE1-A9AF-22D5CB1474EF}.Debug|x64.Build.0 = Debug|Any CPU
		{5157E692-8912-4FE1-A9AF-22D5CB1474EF}.Debug|x86.ActiveCfg = Debug|Any CPU
		{5157E692-8912-4FE1-A9AF-22D5CB1474EF}.Debug|x86.Build.0 = Debug|Any CPU
		{5157E692-8912-4FE1-A9AF-22D5CB1474EF}.Debug-Client|Any CPU.ActiveCfg = Debug|Any CPU
		{5157E692-8912-4FE1-A9AF-22D5CB1474EF}.Debug-Client|Any CPU.Build.0 = Debug|Any CPU
		{5157E692-8912-4FE1-A9AF-22D5CB1474EF}.Debug-Client|x64.ActiveCfg = Debug|Any CPU
		{5157E692-8912-4FE1-A9AF-22D5CB1474EF}.Debug-Client|x64.Build.0 = Debug|Any CPU
		{5157E692-8912-4FE1-A9AF-22D5CB1474EF}.Debug-Client|x86.ActiveCfg = Debug|Any CPU
		{5157E692-8912-4FE1-A9AF-22D5CB1474EF}.Debug-Client|x86.Build.0 = Debug|Any CPU
		{5157E692-8912-4FE1-A9AF-22D5CB1474EF}.Debug-Server|Any CPU.ActiveCfg = Debug|Any CPU
		{5157E692-8912-4FE1-A9AF-22D5CB1474EF}.Debug-Server|Any CPU.Build.0 = Debug|Any CPU
		{5157E692-8912-4FE1-A9AF-22D5CB1474EF}.Debug-Server|x64.ActiveCfg = Debug|Any CPU
		{5157E692-8912-4FE1-A9AF-22D5CB1474EF}.Debug-Server|x64.Build.0 = Debug|Any CPU
		{5157E692-8912-4FE1-A9AF-22D5CB1474EF}.Debug-Server|x86.ActiveCfg = Debug|Any CPU
		{5157E692-8912-4FE1-A9AF-22D5CB1474EF}.Debug-Server|x86.Build.0 = Debug|Any CPU
		{5157E692-8912-4FE1-A9AF-22D5CB1474EF}.Release|Any CPU.ActiveCfg = Release|Any CPU
		{5157E692-8912-4FE1-A9AF-22D5CB1474EF}.Release|Any CPU.Build.0 = Release|Any CPU
		{5157E692-8912-4FE1-A9AF-22D5CB1474EF}.Release|x64.ActiveCfg = Release|Any CPU
		{5157E692-8912-4FE1-A9AF-22D5CB1474EF}.Release|x64.Build.0 = Release|Any CPU
		{5157E692-8912-4FE1-A9AF-22D5CB1474EF}.Release|x86.ActiveCfg = Release|Any CPU
		{5157E692-8912-4FE1-A9AF-22D5CB1474EF}.Release|x86.Build.0 = Release|Any CPU
		{1C847B67-B4C3-4748-95DC-715DA2F35BC3}.Debug|Any CPU.ActiveCfg = Debug|Any CPU
		{1C847B67-B4C3-4748-95DC-715DA2F35BC3}.Debug|Any CPU.Build.0 = Debug|Any CPU
		{1C847B67-B4C3-4748-95DC-715DA2F35BC3}.Debug|x64.ActiveCfg = Debug|Any CPU
		{1C847B67-B4C3-4748-95DC-715DA2F35BC3}.Debug|x64.Build.0 = Debug|Any CPU
		{1C847B67-B4C3-4748-95DC-715DA2F35BC3}.Debug|x86.ActiveCfg = Debug|Any CPU
		{1C847B67-B4C3-4748-95DC-715DA2F35BC3}.Debug|x86.Build.0 = Debug|Any CPU
		{1C847B67-B4C3-4748-95DC-715DA2F35BC3}.Debug-Client|Any CPU.ActiveCfg = Debug|Any CPU
		{1C847B67-B4C3-4748-95DC-715DA2F35BC3}.Debug-Client|Any CPU.Build.0 = Debug|Any CPU
		{1C847B67-B4C3-4748-95DC-715DA2F35BC3}.Debug-Client|x64.ActiveCfg = Debug|Any CPU
		{1C847B67-B4C3-4748-95DC-715DA2F35BC3}.Debug-Client|x64.Build.0 = Debug|Any CPU
		{1C847B67-B4C3-4748-95DC-715DA2F35BC3}.Debug-Client|x86.ActiveCfg = Debug|Any CPU
		{1C847B67-B4C3-4748-95DC-715DA2F35BC3}.Debug-Client|x86.Build.0 = Debug|Any CPU
		{1C847B67-B4C3-4748-95DC-715DA2F35BC3}.Debug-Server|Any CPU.ActiveCfg = Debug|Any CPU
		{1C847B67-B4C3-4748-95DC-715DA2F35BC3}.Debug-Server|Any CPU.Build.0 = Debug|Any CPU
		{1C847B67-B4C3-4748-95DC-715DA2F35BC3}.Debug-Server|x64.ActiveCfg = Debug|Any CPU
		{1C847B67-B4C3-4748-95DC-715DA2F35BC3}.Debug-Server|x64.Build.0 = Debug|Any CPU
		{1C847B67-B4C3-4748-95DC-715DA2F35BC3}.Debug-Server|x86.ActiveCfg = Debug|Any CPU
		{1C847B67-B4C3-4748-95DC-715DA2F35BC3}.Debug-Server|x86.Build.0 = Debug|Any CPU
		{1C847B67-B4C3-4748-95DC-715DA2F35BC3}.Release|Any CPU.ActiveCfg = Release|Any CPU
		{1C847B67-B4C3-4748-95DC-715DA2F35BC3}.Release|Any CPU.Build.0 = Release|Any CPU
		{1C847B67-B4C3-4748-95DC-715DA2F35BC3}.Release|x64.ActiveCfg = Release|Any CPU
		{1C847B67-B4C3-4748-95DC-715DA2F35BC3}.Release|x64.Build.0 = Release|Any CPU
		{1C847B67-B4C3-4748-95DC-715DA2F35BC3}.Release|x86.ActiveCfg = Release|Any CPU
		{1C847B67-B4C3-4748-95DC-715DA2F35BC3}.Release|x86.Build.0 = Release|Any CPU
		{8BAA1F51-6993-4A65-B435-27DEAD43512D}.Debug|Any CPU.ActiveCfg = Debug|Any CPU
		{8BAA1F51-6993-4A65-B435-27DEAD43512D}.Debug|Any CPU.Build.0 = Debug|Any CPU
		{8BAA1F51-6993-4A65-B435-27DEAD43512D}.Debug|x64.ActiveCfg = Debug|Any CPU
		{8BAA1F51-6993-4A65-B435-27DEAD43512D}.Debug|x64.Build.0 = Debug|Any CPU
		{8BAA1F51-6993-4A65-B435-27DEAD43512D}.Debug|x86.ActiveCfg = Debug|Any CPU
		{8BAA1F51-6993-4A65-B435-27DEAD43512D}.Debug|x86.Build.0 = Debug|Any CPU
		{8BAA1F51-6993-4A65-B435-27DEAD43512D}.Debug-Client|Any CPU.ActiveCfg = Debug|Any CPU
		{8BAA1F51-6993-4A65-B435-27DEAD43512D}.Debug-Client|Any CPU.Build.0 = Debug|Any CPU
		{8BAA1F51-6993-4A65-B435-27DEAD43512D}.Debug-Client|x64.ActiveCfg = Debug|Any CPU
		{8BAA1F51-6993-4A65-B435-27DEAD43512D}.Debug-Client|x64.Build.0 = Debug|Any CPU
		{8BAA1F51-6993-4A65-B435-27DEAD43512D}.Debug-Client|x86.ActiveCfg = Debug|Any CPU
		{8BAA1F51-6993-4A65-B435-27DEAD43512D}.Debug-Client|x86.Build.0 = Debug|Any CPU
		{8BAA1F51-6993-4A65-B435-27DEAD43512D}.Debug-Server|Any CPU.ActiveCfg = Debug|Any CPU
		{8BAA1F51-6993-4A65-B435-27DEAD43512D}.Debug-Server|Any CPU.Build.0 = Debug|Any CPU
		{8BAA1F51-6993-4A65-B435-27DEAD43512D}.Debug-Server|x64.ActiveCfg = Debug|Any CPU
		{8BAA1F51-6993-4A65-B435-27DEAD43512D}.Debug-Server|x64.Build.0 = Debug|Any CPU
		{8BAA1F51-6993-4A65-B435-27DEAD43512D}.Debug-Server|x86.ActiveCfg = Debug|Any CPU
		{8BAA1F51-6993-4A65-B435-27DEAD43512D}.Debug-Server|x86.Build.0 = Debug|Any CPU
		{8BAA1F51-6993-4A65-B435-27DEAD43512D}.Release|Any CPU.ActiveCfg = Release|Any CPU
		{8BAA1F51-6993-4A65-B435-27DEAD43512D}.Release|Any CPU.Build.0 = Release|Any CPU
		{8BAA1F51-6993-4A65-B435-27DEAD43512D}.Release|x64.ActiveCfg = Release|Any CPU
		{8BAA1F51-6993-4A65-B435-27DEAD43512D}.Release|x64.Build.0 = Release|Any CPU
		{8BAA1F51-6993-4A65-B435-27DEAD43512D}.Release|x86.ActiveCfg = Release|Any CPU
		{8BAA1F51-6993-4A65-B435-27DEAD43512D}.Release|x86.Build.0 = Release|Any CPU
		{E809E83A-36A8-41B6-9D03-0C1A8F30BA2B}.Debug|Any CPU.ActiveCfg = Debug|Any CPU
		{E809E83A-36A8-41B6-9D03-0C1A8F30BA2B}.Debug|Any CPU.Build.0 = Debug|Any CPU
		{E809E83A-36A8-41B6-9D03-0C1A8F30BA2B}.Debug|x64.ActiveCfg = Debug|Any CPU
		{E809E83A-36A8-41B6-9D03-0C1A8F30BA2B}.Debug|x64.Build.0 = Debug|Any CPU
		{E809E83A-36A8-41B6-9D03-0C1A8F30BA2B}.Debug|x86.ActiveCfg = Debug|Any CPU
		{E809E83A-36A8-41B6-9D03-0C1A8F30BA2B}.Debug|x86.Build.0 = Debug|Any CPU
		{E809E83A-36A8-41B6-9D03-0C1A8F30BA2B}.Debug-Client|Any CPU.ActiveCfg = Debug|Any CPU
		{E809E83A-36A8-41B6-9D03-0C1A8F30BA2B}.Debug-Client|Any CPU.Build.0 = Debug|Any CPU
		{E809E83A-36A8-41B6-9D03-0C1A8F30BA2B}.Debug-Client|x64.ActiveCfg = Debug|Any CPU
		{E809E83A-36A8-41B6-9D03-0C1A8F30BA2B}.Debug-Client|x64.Build.0 = Debug|Any CPU
		{E809E83A-36A8-41B6-9D03-0C1A8F30BA2B}.Debug-Client|x86.ActiveCfg = Debug|Any CPU
		{E809E83A-36A8-41B6-9D03-0C1A8F30BA2B}.Debug-Client|x86.Build.0 = Debug|Any CPU
		{E809E83A-36A8-41B6-9D03-0C1A8F30BA2B}.Debug-Server|Any CPU.ActiveCfg = Debug|Any CPU
		{E809E83A-36A8-41B6-9D03-0C1A8F30BA2B}.Debug-Server|Any CPU.Build.0 = Debug|Any CPU
		{E809E83A-36A8-41B6-9D03-0C1A8F30BA2B}.Debug-Server|x64.ActiveCfg = Debug|Any CPU
		{E809E83A-36A8-41B6-9D03-0C1A8F30BA2B}.Debug-Server|x64.Build.0 = Debug|Any CPU
		{E809E83A-36A8-41B6-9D03-0C1A8F30BA2B}.Debug-Server|x86.ActiveCfg = Debug|Any CPU
		{E809E83A-36A8-41B6-9D03-0C1A8F30BA2B}.Debug-Server|x86.Build.0 = Debug|Any CPU
		{E809E83A-36A8-41B6-9D03-0C1A8F30BA2B}.Release|Any CPU.ActiveCfg = Release|Any CPU
		{E809E83A-36A8-41B6-9D03-0C1A8F30BA2B}.Release|Any CPU.Build.0 = Release|Any CPU
		{E809E83A-36A8-41B6-9D03-0C1A8F30BA2B}.Release|x64.ActiveCfg = Release|Any CPU
		{E809E83A-36A8-41B6-9D03-0C1A8F30BA2B}.Release|x64.Build.0 = Release|Any CPU
		{E809E83A-36A8-41B6-9D03-0C1A8F30BA2B}.Release|x86.ActiveCfg = Release|Any CPU
		{E809E83A-36A8-41B6-9D03-0C1A8F30BA2B}.Release|x86.Build.0 = Release|Any CPU
		{2A1CA38B-5C9F-498D-A75A-F0D2FCC3FFEE}.Debug|Any CPU.ActiveCfg = Debug|Any CPU
		{2A1CA38B-5C9F-498D-A75A-F0D2FCC3FFEE}.Debug|Any CPU.Build.0 = Debug|Any CPU
		{2A1CA38B-5C9F-498D-A75A-F0D2FCC3FFEE}.Debug|x64.ActiveCfg = Debug|Any CPU
		{2A1CA38B-5C9F-498D-A75A-F0D2FCC3FFEE}.Debug|x64.Build.0 = Debug|Any CPU
		{2A1CA38B-5C9F-498D-A75A-F0D2FCC3FFEE}.Debug|x86.ActiveCfg = Debug|Any CPU
		{2A1CA38B-5C9F-498D-A75A-F0D2FCC3FFEE}.Debug|x86.Build.0 = Debug|Any CPU
		{2A1CA38B-5C9F-498D-A75A-F0D2FCC3FFEE}.Debug-Client|Any CPU.ActiveCfg = Debug|Any CPU
		{2A1CA38B-5C9F-498D-A75A-F0D2FCC3FFEE}.Debug-Client|Any CPU.Build.0 = Debug|Any CPU
		{2A1CA38B-5C9F-498D-A75A-F0D2FCC3FFEE}.Debug-Client|x64.ActiveCfg = Debug|Any CPU
		{2A1CA38B-5C9F-498D-A75A-F0D2FCC3FFEE}.Debug-Client|x64.Build.0 = Debug|Any CPU
		{2A1CA38B-5C9F-498D-A75A-F0D2FCC3FFEE}.Debug-Client|x86.ActiveCfg = Debug|Any CPU
		{2A1CA38B-5C9F-498D-A75A-F0D2FCC3FFEE}.Debug-Client|x86.Build.0 = Debug|Any CPU
		{2A1CA38B-5C9F-498D-A75A-F0D2FCC3FFEE}.Debug-Server|Any CPU.ActiveCfg = Debug|Any CPU
		{2A1CA38B-5C9F-498D-A75A-F0D2FCC3FFEE}.Debug-Server|Any CPU.Build.0 = Debug|Any CPU
		{2A1CA38B-5C9F-498D-A75A-F0D2FCC3FFEE}.Debug-Server|x64.ActiveCfg = Debug|Any CPU
		{2A1CA38B-5C9F-498D-A75A-F0D2FCC3FFEE}.Debug-Server|x64.Build.0 = Debug|Any CPU
		{2A1CA38B-5C9F-498D-A75A-F0D2FCC3FFEE}.Debug-Server|x86.ActiveCfg = Debug|Any CPU
		{2A1CA38B-5C9F-498D-A75A-F0D2FCC3FFEE}.Debug-Server|x86.Build.0 = Debug|Any CPU
		{2A1CA38B-5C9F-498D-A75A-F0D2FCC3FFEE}.Release|Any CPU.ActiveCfg = Release|Any CPU
		{2A1CA38B-5C9F-498D-A75A-F0D2FCC3FFEE}.Release|Any CPU.Build.0 = Release|Any CPU
		{2A1CA38B-5C9F-498D-A75A-F0D2FCC3FFEE}.Release|x64.ActiveCfg = Release|Any CPU
		{2A1CA38B-5C9F-498D-A75A-F0D2FCC3FFEE}.Release|x64.Build.0 = Release|Any CPU
		{2A1CA38B-5C9F-498D-A75A-F0D2FCC3FFEE}.Release|x86.ActiveCfg = Release|Any CPU
		{2A1CA38B-5C9F-498D-A75A-F0D2FCC3FFEE}.Release|x86.Build.0 = Release|Any CPU
		{520E3F83-EBED-4C6A-A43F-749B5FC70096}.Debug|Any CPU.ActiveCfg = Debug|Any CPU
		{520E3F83-EBED-4C6A-A43F-749B5FC70096}.Debug|Any CPU.Build.0 = Debug|Any CPU
		{520E3F83-EBED-4C6A-A43F-749B5FC70096}.Debug|x64.ActiveCfg = Debug|Any CPU
		{520E3F83-EBED-4C6A-A43F-749B5FC70096}.Debug|x64.Build.0 = Debug|Any CPU
		{520E3F83-EBED-4C6A-A43F-749B5FC70096}.Debug|x86.ActiveCfg = Debug|Any CPU
		{520E3F83-EBED-4C6A-A43F-749B5FC70096}.Debug|x86.Build.0 = Debug|Any CPU
		{520E3F83-EBED-4C6A-A43F-749B5FC70096}.Debug-Client|Any CPU.ActiveCfg = Debug|Any CPU
		{520E3F83-EBED-4C6A-A43F-749B5FC70096}.Debug-Client|Any CPU.Build.0 = Debug|Any CPU
		{520E3F83-EBED-4C6A-A43F-749B5FC70096}.Debug-Client|x64.ActiveCfg = Debug|Any CPU
		{520E3F83-EBED-4C6A-A43F-749B5FC70096}.Debug-Client|x64.Build.0 = Debug|Any CPU
		{520E3F83-EBED-4C6A-A43F-749B5FC70096}.Debug-Client|x86.ActiveCfg = Debug|Any CPU
		{520E3F83-EBED-4C6A-A43F-749B5FC70096}.Debug-Client|x86.Build.0 = Debug|Any CPU
		{520E3F83-EBED-4C6A-A43F-749B5FC70096}.Debug-Server|Any CPU.ActiveCfg = Debug|Any CPU
		{520E3F83-EBED-4C6A-A43F-749B5FC70096}.Debug-Server|Any CPU.Build.0 = Debug|Any CPU
		{520E3F83-EBED-4C6A-A43F-749B5FC70096}.Debug-Server|x64.ActiveCfg = Debug|Any CPU
		{520E3F83-EBED-4C6A-A43F-749B5FC70096}.Debug-Server|x64.Build.0 = Debug|Any CPU
		{520E3F83-EBED-4C6A-A43F-749B5FC70096}.Debug-Server|x86.ActiveCfg = Debug|Any CPU
		{520E3F83-EBED-4C6A-A43F-749B5FC70096}.Debug-Server|x86.Build.0 = Debug|Any CPU
		{520E3F83-EBED-4C6A-A43F-749B5FC70096}.Release|Any CPU.ActiveCfg = Release|Any CPU
		{520E3F83-EBED-4C6A-A43F-749B5FC70096}.Release|Any CPU.Build.0 = Release|Any CPU
		{520E3F83-EBED-4C6A-A43F-749B5FC70096}.Release|x64.ActiveCfg = Release|Any CPU
		{520E3F83-EBED-4C6A-A43F-749B5FC70096}.Release|x64.Build.0 = Release|Any CPU
		{520E3F83-EBED-4C6A-A43F-749B5FC70096}.Release|x86.ActiveCfg = Release|Any CPU
		{520E3F83-EBED-4C6A-A43F-749B5FC70096}.Release|x86.Build.0 = Release|Any CPU
	EndGlobalSection
	GlobalSection(SolutionProperties) = preSolution
		HideSolutionNode = FALSE
	EndGlobalSection
	GlobalSection(NestedProjects) = preSolution
		{84E448EA-C654-4CFB-85A5-F358D0B26F7F} = {0445D1FE-8765-49D5-9F21-818187793493}
		{4D8B1083-11B8-49FE-979B-86C39C040FBB} = {0445D1FE-8765-49D5-9F21-818187793493}
		{A84C0F2F-3C26-4C4C-AC25-45FFA55B9A89} = {0445D1FE-8765-49D5-9F21-818187793493}
		{22252CBB-FCB2-4C9F-AA3D-AA1C463604D4} = {0445D1FE-8765-49D5-9F21-818187793493}
		{52DB58FF-D16A-4BFE-A901-7E94E7E50578} = {0445D1FE-8765-49D5-9F21-818187793493}
		{5157E692-8912-4FE1-A9AF-22D5CB1474EF} = {A2292367-E5CB-4088-8387-C6884578F340}
		{1C847B67-B4C3-4748-95DC-715DA2F35BC3} = {A2292367-E5CB-4088-8387-C6884578F340}
		{8BAA1F51-6993-4A65-B435-27DEAD43512D} = {0445D1FE-8765-49D5-9F21-818187793493}
		{2A1CA38B-5C9F-498D-A75A-F0D2FCC3FFEE} = {0445D1FE-8765-49D5-9F21-818187793493}
	EndGlobalSection
EndGlobal
